PODS:
  - Charts (3.1.1):
    - Charts/Core (= 3.1.1)
  - Charts/Core (3.1.1)
  - HMSegmentedControl (1.5.5)
  - MXPagerView (0.2.1)
  - MXParallaxHeader (0.6.1)
  - MXSegmentedPager (3.3.0):
    - HMSegmentedControl (= 1.5.5)
    - MXPagerView (= 0.2.1)
    - MXParallaxHeader (= 0.6.1)
  - UICountingLabel (1.4.1)

DEPENDENCIES:
  - Charts
  - HMSegmentedControl (= 1.5.5)
  - MXSegmentedPager (from `MXSegmentedPager.podspec`)
  - UICountingLabel

SPEC REPOS:
  https://github.com/cocoapods/specs.git:
    - Charts
    - HMSegmentedControl
    - MXPagerView
    - MXParallaxHeader
    - UICountingLabel

EXTERNAL SOURCES:
  MXSegmentedPager:
    :podspec: MXSegmentedPager.podspec

SPEC CHECKSUMS:
  Charts: 90a4d61da0f6e06684c591e3bcab11940fe61736
  HMSegmentedControl: f514c6dad47aa3065e0ed2e8046b73efc71221b9
  MXPagerView: ede184b5191b2ed689ccf05a750a9978cce42414
  MXParallaxHeader: 858c403532ed933b381556a81ce333d7065ad182
  MXSegmentedPager: 6a5d039d062098000c2ec8cc374142c97b835710
  UICountingLabel: faf890b505d96312e324a86718f031fafffb0ccb

PODFILE CHECKSUM: 8c3597c131142cbd96eb79cc2f9bda88bdeb426d

COCOAPODS: 1.5.3
